
Microsoft Visual Studio Solution File, Format Version 12.00
# Visual Studio Version 17
VisualStudioVersion = 17.5.33502.453
MinimumVisualStudioVersion = 10.0.40219.1
Project("{FAE04EC0-301F-11D3-BF4B-00C04F79EFBC}") = "RedisCourseRU102N", "RedisCourseRU102N.csproj", "{7DFF2B9B-55F5-4314-8F69-C76D9D67EA0F}"
EndProject
Global
	GlobalSection(SolutionConfigurationPlatforms) = preSolution
		Debug|Any CPU = Debug|Any CPU
		Release|Any CPU = Release|Any CPU
	EndGlobalSection
	GlobalSection(ProjectConfigurationPlatforms) = postSolution
		{7DFF2B9B-55F5-4314-8F69-C76D9D67EA0F}.Debug|Any CPU.ActiveCfg = Debug|Any CPU
		{7DFF2B9B-55F5-4314-8F69-C76D9D67EA0F}.Debug|Any CPU.Build.0 = Debug|Any CPU
		{7DFF2B9B-55F5-4314-8F69-C76D9D67EA0F}.Release|Any CPU.ActiveCfg = Release|Any CPU
		{7DFF2B9B-55F5-4314-8F69-C76D9D67EA0F}.Release|Any CPU.Build.0 = Release|Any CPU
	EndGlobalSection
	GlobalSection(SolutionProperties) = preSolution
		HideSolutionNode = FALSE
	EndGlobalSection
	GlobalSection(ExtensibilityGlobals) = postSolution
		SolutionGuid = {69303707-E575-4532-8481-A9F44E77ABD4}
	EndGlobalSection
EndGlobal
